
Microsoft Visual Studio Solution File, Format Version 12.00
# Visual Studio 15
VisualStudioVersion = 15.0.28010.2050
MinimumVisualStudioVersion = 10.0.40219.1
Project("{FAE04EC0-301F-11D3-BF4B-00C04F79EFBC}") = "UCRouteAssist.Android", "UCRouteAssist\UCRouteAssist.Android\UCRouteAssist.Android.csproj", "{437171A2-50BC-44EA-822E-7B9C668B619B}"
EndProject
Project("{FAE04EC0-301F-11D3-BF4B-00C04F79EFBC}") = "UCRouteAssist.iOS", "UCRouteAssist\UCRouteAssist.iOS\UCRouteAssist.iOS.csproj", "{937FC3CE-75B6-4458-87D2-98724471C780}"
EndProject
Project("{FAE04EC0-301F-11D3-BF4B-00C04F79EFBC}") = "UCRouteAssist.UWP", "UCRouteAssist\UCRouteAssist.UWP\UCRouteAssist.UWP.csproj", "{AF5E9514-84EE-4BFC-842C-3A59D9141A01}"
EndProject
Project("{FAE04EC0-301F-11D3-BF4B-00C04F79EFBC}") = "UCRouteAssist", "UCRouteAssist\UCRouteAssist\UCRouteAssist.csproj", "{FD265BCA-D84A-4303-9080-2264C9B79C2A}"
EndProject
Global
	GlobalSection(SolutionConfigurationPlatforms) = preSolution
		Ad-Hoc|Any CPU = Ad-Hoc|Any CPU
		Ad-Hoc|ARM = Ad-Hoc|ARM
		Ad-Hoc|iPhone = Ad-Hoc|iPhone
		Ad-Hoc|iPhoneSimulator = Ad-Hoc|iPhoneSimulator
		Ad-Hoc|x64 = Ad-Hoc|x64
		Ad-Hoc|x86 = Ad-Hoc|x86
		AppStore|Any CPU = AppStore|Any CPU
		AppStore|ARM = AppStore|ARM
		AppStore|iPhone = AppStore|iPhone
		AppStore|iPhoneSimulator = AppStore|iPhoneSimulator
		AppStore|x64 = AppStore|x64
		AppStore|x86 = AppStore|x86
		Debug|Any CPU = Debug|Any CPU
		Debug|ARM = Debug|ARM
		Debug|iPhone = Debug|iPhone
		Debug|iPhoneSimulator = Debug|iPhoneSimulator
		Debug|x64 = Debug|x64
		Debug|x86 = Debug|x86
		Release|Any CPU = Release|Any CPU
		Release|ARM = Release|ARM
		Release|iPhone = Release|iPhone
		Release|iPhoneSimulator = Release|iPhoneSimulator
		Release|x64 = Release|x64
		Release|x86 = Release|x86
	EndGlobalSection
	GlobalSection(ProjectConfigurationPlatforms) = postSolution
		{437171A2-50BC-44EA-822E-7B9C668B619B}.Ad-Hoc|Any CPU.ActiveCfg = Release|Any CPU
		{437171A2-50BC-44EA-822E-7B9C668B619B}.Ad-Hoc|Any CPU.Build.0 = Release|Any CPU
		{437171A2-50BC-44EA-822E-7B9C668B619B}.Ad-Hoc|Any CPU.Deploy.0 = Release|Any CPU
		{437171A2-50BC-44EA-822E-7B9C668B619B}.Ad-Hoc|ARM.ActiveCfg = Release|Any CPU
		{437171A2-50BC-44EA-822E-7B9C668B619B}.Ad-Hoc|ARM.Build.0 = Release|Any CPU
		{437171A2-50BC-44EA-822E-7B9C668B619B}.Ad-Hoc|ARM.Deploy.0 = Release|Any CPU
		{437171A2-50BC-44EA-822E-7B9C668B619B}.Ad-Hoc|iPhone.ActiveCfg = Release|Any CPU
		{437171A2-50BC-44EA-822E-7B9C668B619B}.Ad-Hoc|iPhone.Build.0 = Release|Any CPU
		{437171A2-50BC-44EA-822E-7B9C668B619B}.Ad-Hoc|iPhone.Deploy.0 = Release|Any CPU
		{437171A2-50BC-44EA-822E-7B9C668B619B}.Ad-Hoc|iPhoneSimulator.ActiveCfg = Release|Any CPU
		{437171A2-50BC-44EA-822E-7B9C668B619B}.Ad-Hoc|iPhoneSimulator.Build.0 = Release|Any CPU
		{437171A2-50BC-44EA-822E-7B9C668B619B}.Ad-Hoc|iPhoneSimulator.Deploy.0 = Release|Any CPU
		{437171A2-50BC-44EA-822E-7B9C668B619B}.Ad-Hoc|x64.ActiveCfg = Release|Any CPU
		{437171A2-50BC-44EA-822E-7B9C668B619B}.Ad-Hoc|x64.Build.0 = Release|Any CPU
		{437171A2-50BC-44EA-822E-7B9C668B619B}.Ad-Hoc|x64.Deploy.0 = Release|Any CPU
		{437171A2-50BC-44EA-822E-7B9C668B619B}.Ad-Hoc|x86.ActiveCfg = Release|Any CPU
		{437171A2-50BC-44EA-822E-7B9C668B619B}.Ad-Hoc|x86.Build.0 = Release|Any CPU
		{437171A2-50BC-44EA-822E-7B9C668B619B}.Ad-Hoc|x86.Deploy.0 = Release|Any CPU
		{437171A2-50BC-44EA-822E-7B9C668B619B}.AppStore|Any CPU.ActiveCfg = Release|Any CPU
		{437171A2-50BC-44EA-822E-7B9C668B619B}.AppStore|Any CPU.Build.0 = Release|Any CPU
		{437171A2-50BC-44EA-822E-7B9C668B619B}.AppStore|Any CPU.Deploy.0 = Release|Any CPU
		{437171A2-50BC-44EA-822E-7B9C668B619B}.AppStore|ARM.ActiveCfg = Release|Any CPU
		{437171A2-50BC-44EA-822E-7B9C668B619B}.AppStore|ARM.Build.0 = Release|Any CPU
		{437171A2-50BC-44EA-822E-7B9C668B619B}.AppStore|ARM.Deploy.0 = Release|Any CPU
		{437171A2-50BC-44EA-822E-7B9C668B619B}.AppStore|iPhone.ActiveCfg = Release|Any CPU
		{437171A2-50BC-44EA-822E-7B9C668B619B}.AppStore|iPhone.Build.0 = Release|Any CPU
		{437171A2-50BC-44EA-822E-7B9C668B619B}.AppStore|iPhone.Deploy.0 = Release|Any CPU
		{437171A2-50BC-44EA-822E-7B9C668B619B}.AppStore|iPhoneSimulator.ActiveCfg = Release|Any CPU
		{437171A2-50BC-44EA-822E-7B9C668B619B}.AppStore|iPhoneSimulator.Build.0 = Release|Any CPU
		{437171A2-50BC-44EA-822E-7B9C668B619B}.AppStore|iPhoneSimulator.Deploy.0 = Release|Any CPU
		{437171A2-50BC-44EA-822E-7B9C668B619B}.AppStore|x64.ActiveCfg = Release|Any CPU
		{437171A2-50BC-44EA-822E-7B9C668B619B}.AppStore|x64.Build.0 = Release|Any CPU
		{437171A2-50BC-44EA-822E-7B9C668B619B}.AppStore|x64.Deploy.0 = Release|Any CPU
		{437171A2-50BC-44EA-822E-7B9C668B619B}.AppStore|x86.ActiveCfg = Release|Any CPU
		{437171A2-50BC-44EA-822E-7B9C668B619B}.AppStore|x86.Build.0 = Release|Any CPU
		{437171A2-50BC-44EA-822E-7B9C668B619B}.AppStore|x86.Deploy.0 = Release|Any CPU
		{437171A2-50BC-44EA-822E-7B9C668B619B}.Debug|Any CPU.ActiveCfg = Debug|Any CPU
		{437171A2-50BC-44EA-822E-7B9C668B619B}.Debug|Any CPU.Build.0 = Debug|Any CPU
		{437171A2-50BC-44EA-822E-7B9C668B619B}.Debug|Any CPU.Deploy.0 = Debug|Any CPU
		{437171A2-50BC-44EA-822E-7B9C668B619B}.Debug|ARM.ActiveCfg = Debug|Any CPU
		{437171A2-50BC-44EA-822E-7B9C668B619B}.Debug|ARM.Build.0 = Debug|Any CPU
		{437171A2-50BC-44EA-822E-7B9C668B619B}.Debug|ARM.Deploy.0 = Debug|Any CPU
		{437171A2-50BC-44EA-822E-7B9C668B619B}.Debug|iPhone.ActiveCfg = Debug|Any CPU
		{437171A2-50BC-44EA-822E-7B9C668B619B}.Debug|iPhone.Build.0 = Debug|Any CPU
		{437171A2-50BC-44EA-822E-7B9C668B619B}.Debug|iPhone.Deploy.0 = Debug|Any CPU
		{437171A2-50BC-44EA-822E-7B9C668B619B}.Debug|iPhoneSimulator.ActiveCfg = Debug|Any CPU
		{437171A2-50BC-44EA-822E-7B9C668B619B}.Debug|iPhoneSimulator.Build.0 = Debug|Any CPU
		{437171A2-50BC-44EA-822E-7B9C668B619B}.Debug|iPhoneSimulator.Deploy.0 = Debug|Any CPU
		{437171A2-50BC-44EA-822E-7B9C668B619B}.Debug|x64.ActiveCfg = Debug|Any CPU
		{437171A2-50BC-44EA-822E-7B9C668B619B}.Debug|x64.Build.0 = Debug|Any CPU
		{437171A2-50BC-44EA-822E-7B9C668B619B}.Debug|x64.Deploy.0 = Debug|Any CPU
		{437171A2-50BC-44EA-822E-7B9C668B619B}.Debug|x86.ActiveCfg = Debug|Any CPU
		{437171A2-50BC-44EA-822E-7B9C668B619B}.Debug|x86.Build.0 = Debug|Any CPU
		{437171A2-50BC-44EA-822E-7B9C668B619B}.Debug|x86.Deploy.0 = Debug|Any CPU
		{437171A2-50BC-44EA-822E-7B9C668B619B}.Release|Any CPU.ActiveCfg = Release|Any CPU
		{437171A2-50BC-44EA-822E-7B9C668B619B}.Release|Any CPU.Build.0 = Release|Any CPU
		{437171A2-50BC-44EA-822E-7B9C668B619B}.Release|Any CPU.Deploy.0 = Release|Any CPU
		{437171A2-50BC-44EA-822E-7B9C668B619B}.Release|ARM.ActiveCfg = Release|Any CPU
		{437171A2-50BC-44EA-822E-7B9C668B619B}.Release|ARM.Build.0 = Release|Any CPU
		{437171A2-50BC-44EA-822E-7B9C668B619B}.Release|ARM.Deploy.0 = Release|Any CPU
		{437171A2-50BC-44EA-822E-7B9C668B619B}.Release|iPhone.ActiveCfg = Release|Any CPU
		{437171A2-50BC-44EA-822E-7B9C668B619B}.Release|iPhone.Build.0 = Release|Any CPU
		{437171A2-50BC-44EA-822E-7B9C668B619B}.Release|iPhone.Deploy.0 = Release|Any CPU
		{437171A2-50BC-44EA-822E-7B9C668B619B}.Release|iPhoneSimulator.ActiveCfg = Release|Any CPU
		{437171A2-50BC-44EA-822E-7B9C668B619B}.Release|iPhoneSimulator.Build.0 = Release|Any CPU
		{437171A2-50BC-44EA-822E-7B9C668B619B}.Release|iPhoneSimulator.Deploy.0 = Release|Any CPU
		{437171A2-50BC-44EA-822E-7B9C668B619B}.Release|x64.ActiveCfg = Release|Any CPU
		{437171A2-50BC-44EA-822E-7B9C668B619B}.Release|x64.Build.0 = Release|Any CPU
		{437171A2-50BC-44EA-822E-7B9C668B619B}.Release|x64.Deploy.0 = Release|Any CPU
		{437171A2-50BC-44EA-822E-7B9C668B619B}.Release|x86.ActiveCfg = Release|Any CPU
		{437171A2-50BC-44EA-822E-7B9C668B619B}.Release|x86.Build.0 = Release|Any CPU
		{437171A2-50BC-44EA-822E-7B9C668B619B}.Release|x86.Deploy.0 = Release|Any CPU
		{937FC3CE-75B6-4458-87D2-98724471C780}.Ad-Hoc|Any CPU.ActiveCfg = Ad-Hoc|iPhone
		{937FC3CE-75B6-4458-87D2-98724471C780}.Ad-Hoc|Any CPU.Build.0 = Ad-Hoc|iPhone
		{937FC3CE-75B6-4458-87D2-98724471C780}.Ad-Hoc|Any CPU.Deploy.0 = Ad-Hoc|iPhone
		{937FC3CE-75B6-4458-87D2-98724471C780}.Ad-Hoc|ARM.ActiveCfg = Ad-Hoc|iPhone
		{937FC3CE-75B6-4458-87D2-98724471C780}.Ad-Hoc|ARM.Build.0 = Ad-Hoc|iPhone
		{937FC3CE-75B6-4458-87D2-98724471C780}.Ad-Hoc|ARM.Deploy.0 = Ad-Hoc|iPhone
		{937FC3CE-75B6-4458-87D2-98724471C780}.Ad-Hoc|iPhone.ActiveCfg = Ad-Hoc|iPhone
		{937FC3CE-75B6-4458-87D2-98724471C780}.Ad-Hoc|iPhone.Build.0 = Ad-Hoc|iPhone
		{937FC3CE-75B6-4458-87D2-98724471C780}.Ad-Hoc|iPhone.Deploy.0 = Ad-Hoc|iPhone
		{937FC3CE-75B6-4458-87D2-98724471C780}.Ad-Hoc|iPhoneSimulator.ActiveCfg = Ad-Hoc|iPhoneSimulator
		{937FC3CE-75B6-4458-87D2-98724471C780}.Ad-Hoc|iPhoneSimulator.Build.0 = Ad-Hoc|iPhoneSimulator
		{937FC3CE-75B6-4458-87D2-98724471C780}.Ad-Hoc|iPhoneSimulator.Deploy.0 = Ad-Hoc|iPhoneSimulator
		{937FC3CE-75B6-4458-87D2-98724471C780}.Ad-Hoc|x64.ActiveCfg = Ad-Hoc|iPhone
		{937FC3CE-75B6-4458-87D2-98724471C780}.Ad-Hoc|x64.Build.0 = Ad-Hoc|iPhone
		{937FC3CE-75B6-4458-87D2-98724471C780}.Ad-Hoc|x64.Deploy.0 = Ad-Hoc|iPhone
		{937FC3CE-75B6-4458-87D2-98724471C780}.Ad-Hoc|x86.ActiveCfg = Ad-Hoc|iPhone
		{937FC3CE-75B6-4458-87D2-98724471C780}.Ad-Hoc|x86.Build.0 = Ad-Hoc|iPhone
		{937FC3CE-75B6-4458-87D2-98724471C780}.Ad-Hoc|x86.Deploy.0 = Ad-Hoc|iPhone
		{937FC3CE-75B6-4458-87D2-98724471C780}.AppStore|Any CPU.ActiveCfg = AppStore|iPhone
		{937FC3CE-75B6-4458-87D2-98724471C780}.AppStore|Any CPU.Build.0 = AppStore|iPhone
		{937FC3CE-75B6-4458-87D2-98724471C780}.AppStore|Any CPU.Deploy.0 = AppStore|iPhone
		{937FC3CE-75B6-4458-87D2-98724471C780}.AppStore|ARM.ActiveCfg = AppStore|iPhone
		{937FC3CE-75B6-4458-87D2-98724471C780}.AppStore|ARM.Build.0 = AppStore|iPhone
		{937FC3CE-75B6-4458-87D2-98724471C780}.AppStore|ARM.Deploy.0 = AppStore|iPhone
		{937FC3CE-75B6-4458-87D2-98724471C780}.AppStore|iPhone.ActiveCfg = AppStore|iPhone
		{937FC3CE-75B6-4458-87D2-98724471C780}.AppStore|iPhone.Build.0 = AppStore|iPhone
		{937FC3CE-75B6-4458-87D2-98724471C780}.AppStore|iPhone.Deploy.0 = AppStore|iPhone
		{937FC3CE-75B6-4458-87D2-98724471C780}.AppStore|iPhoneSimulator.ActiveCfg = AppStore|iPhoneSimulator
		{937FC3CE-75B6-4458-87D2-98724471C780}.AppStore|iPhoneSimulator.Build.0 = AppStore|iPhoneSimulator
		{937FC3CE-75B6-4458-87D2-98724471C780}.AppStore|iPhoneSimulator.Deploy.0 = AppStore|iPhoneSimulator
		{937FC3CE-75B6-4458-87D2-98724471C780}.AppStore|x64.ActiveCfg = AppStore|iPhone
		{937FC3CE-75B6-4458-87D2-98724471C780}.AppStore|x64.Build.0 = AppStore|iPhone
		{937FC3CE-75B6-4458-87D2-98724471C780}.AppStore|x64.Deploy.0 = AppStore|iPhone
		{937FC3CE-75B6-4458-87D2-98724471C780}.AppStore|x86.ActiveCfg = AppStore|iPhone
		{937FC3CE-75B6-4458-87D2-98724471C780}.AppStore|x86.Build.0 = AppStore|iPhone
		{937FC3CE-75B6-4458-87D2-98724471C780}.AppStore|x86.Deploy.0 = AppStore|iPhone
		{937FC3CE-75B6-4458-87D2-98724471C780}.Debug|Any CPU.ActiveCfg = Debug|iPhoneSimulator
		{937FC3CE-75B6-4458-87D2-98724471C780}.Debug|Any CPU.Build.0 = Debug|iPhoneSimulator
		{937FC3CE-75B6-4458-87D2-98724471C780}.Debug|Any CPU.Deploy.0 = Debug|iPhoneSimulator
		{937FC3CE-75B6-4458-87D2-98724471C780}.Debug|ARM.ActiveCfg = Debug|iPhone
		{937FC3CE-75B6-4458-87D2-98724471C780}.Debug|ARM.Build.0 = Debug|iPhone
		{937FC3CE-75B6-4458-87D2-98724471C780}.Debug|ARM.Deploy.0 = Debug|iPhone
		{937FC3CE-75B6-4458-87D2-98724471C780}.Debug|iPhone.ActiveCfg = Debug|iPhone
		{937FC3CE-75B6-4458-87D2-98724471C780}.Debug|iPhone.Build.0 = Debug|iPhone
		{937FC3CE-75B6-4458-87D2-98724471C780}.Debug|iPhone.Deploy.0 = Debug|iPhone
		{937FC3CE-75B6-4458-87D2-98724471C780}.Debug|iPhoneSimulator.ActiveCfg = Debug|iPhoneSimulator
		{937FC3CE-75B6-4458-87D2-98724471C780}.Debug|iPhoneSimulator.Build.0 = Debug|iPhoneSimulator
		{937FC3CE-75B6-4458-87D2-98724471C780}.Debug|iPhoneSimulator.Deploy.0 = Debug|iPhoneSimulator
		{937FC3CE-75B6-4458-87D2-98724471C780}.Debug|x64.ActiveCfg = Debug|iPhone
		{937FC3CE-75B6-4458-87D2-98724471C780}.Debug|x64.Build.0 = Debug|iPhone
		{937FC3CE-75B6-4458-87D2-98724471C780}.Debug|x64.Deploy.0 = Debug|iPhone
		{937FC3CE-75B6-4458-87D2-98724471C780}.Debug|x86.ActiveCfg = Debug|iPhone
		{937FC3CE-75B6-4458-87D2-98724471C780}.Debug|x86.Build.0 = Debug|iPhone
		{937FC3CE-75B6-4458-87D2-98724471C780}.Debug|x86.Deploy.0 = Debug|iPhone
		{937FC3CE-75B6-4458-87D2-98724471C780}.Release|Any CPU.ActiveCfg = Release|iPhone
		{937FC3CE-75B6-4458-87D2-98724471C780}.Release|Any CPU.Build.0 = Release|iPhone
		{937FC3CE-75B6-4458-87D2-98724471C780}.Release|Any CPU.Deploy.0 = Release|iPhone
		{937FC3CE-75B6-4458-87D2-98724471C780}.Release|ARM.ActiveCfg = Release|iPhone
		{937FC3CE-75B6-4458-87D2-98724471C780}.Release|ARM.Build.0 = Release|iPhone
		{937FC3CE-75B6-4458-87D2-98724471C780}.Release|ARM.Deploy.0 = Release|iPhone
		{937FC3CE-75B6-4458-87D2-98724471C780}.Release|iPhone.ActiveCfg = Release|iPhone
		{937FC3CE-75B6-4458-87D2-98724471C780}.Release|iPhone.Build.0 = Release|iPhone
		{937FC3CE-75B6-4458-87D2-98724471C780}.Release|iPhone.Deploy.0 = Release|iPhone
		{937FC3CE-75B6-4458-87D2-98724471C780}.Release|iPhoneSimulator.ActiveCfg = Release|iPhoneSimulator
		{937FC3CE-75B6-4458-87D2-98724471C780}.Release|iPhoneSimulator.Build.0 = Release|iPhoneSimulator
		{937FC3CE-75B6-4458-87D2-98724471C780}.Release|iPhoneSimulator.Deploy.0 = Release|iPhoneSimulator
		{937FC3CE-75B6-4458-87D2-98724471C780}.Release|x64.ActiveCfg = Release|iPhone
		{937FC3CE-75B6-4458-87D2-98724471C780}.Release|x64.Build.0 = Release|iPhone
		{937FC3CE-75B6-4458-87D2-98724471C780}.Release|x64.Deploy.0 = Release|iPhone
		{937FC3CE-75B6-4458-87D2-98724471C780}.Release|x86.ActiveCfg = Release|iPhone
		{937FC3CE-75B6-4458-87D2-98724471C780}.Release|x86.Build.0 = Release|iPhone
		{937FC3CE-75B6-4458-87D2-98724471C780}.Release|x86.Deploy.0 = Release|iPhone
		{AF5E9514-84EE-4BFC-842C-3A59D9141A01}.Ad-Hoc|Any CPU.ActiveCfg = Release|x86
		{AF5E9514-84EE-4BFC-842C-3A59D9141A01}.Ad-Hoc|Any CPU.Build.0 = Release|x86
		{AF5E9514-84EE-4BFC-842C-3A59D9141A01}.Ad-Hoc|Any CPU.Deploy.0 = Release|x86
		{AF5E9514-84EE-4BFC-842C-3A59D9141A01}.Ad-Hoc|ARM.ActiveCfg = Release|ARM
		{AF5E9514-84EE-4BFC-842C-3A59D9141A01}.Ad-Hoc|ARM.Build.0 = Release|ARM
		{AF5E9514-84EE-4BFC-842C-3A59D9141A01}.Ad-Hoc|ARM.Deploy.0 = Release|ARM
		{AF5E9514-84EE-4BFC-842C-3A59D9141A01}.Ad-Hoc|iPhone.ActiveCfg = Release|x86
		{AF5E9514-84EE-4BFC-842C-3A59D9141A01}.Ad-Hoc|iPhone.Build.0 = Release|x86
		{AF5E9514-84EE-4BFC-842C-3A59D9141A01}.Ad-Hoc|iPhone.Deploy.0 = Release|x86
		{AF5E9514-84EE-4BFC-842C-3A59D9141A01}.Ad-Hoc|iPhoneSimulator.ActiveCfg = Release|x86
		{AF5E9514-84EE-4BFC-842C-3A59D9141A01}.Ad-Hoc|iPhoneSimulator.Build.0 = Release|x86
		{AF5E9514-84EE-4BFC-842C-3A59D9141A01}.Ad-Hoc|iPhoneSimulator.Deploy.0 = Release|x86
		{AF5E9514-84EE-4BFC-842C-3A59D9141A01}.Ad-Hoc|x64.ActiveCfg = Release|x64
		{AF5E9514-84EE-4BFC-842C-3A59D9141A01}.Ad-Hoc|x64.Build.0 = Release|x64
		{AF5E9514-84EE-4BFC-842C-3A59D9141A01}.Ad-Hoc|x64.Deploy.0 = Release|x64
		{AF5E9514-84EE-4BFC-842C-3A59D9141A01}.Ad-Hoc|x86.ActiveCfg = Release|x86
		{AF5E9514-84EE-4BFC-842C-3A59D9141A01}.Ad-Hoc|x86.Build.0 = Release|x86
		{AF5E9514-84EE-4BFC-842C-3A59D9141A01}.Ad-Hoc|x86.Deploy.0 = Release|x86
		{AF5E9514-84EE-4BFC-842C-3A59D9141A01}.AppStore|Any CPU.ActiveCfg = Release|x86
		{AF5E9514-84EE-4BFC-842C-3A59D9141A01}.AppStore|Any CPU.Build.0 = Release|x86
		{AF5E9514-84EE-4BFC-842C-3A59D9141A01}.AppStore|Any CPU.Deploy.0 = Release|x86
		{AF5E9514-84EE-4BFC-842C-3A59D9141A01}.AppStore|ARM.ActiveCfg = Release|ARM
		{AF5E9514-84EE-4BFC-842C-3A59D9141A01}.AppStore|ARM.Build.0 = Release|ARM
		{AF5E9514-84EE-4BFC-842C-3A59D9141A01}.AppStore|ARM.Deploy.0 = Release|ARM
		{AF5E9514-84EE-4BFC-842C-3A59D9141A01}.AppStore|iPhone.ActiveCfg = Release|x86
		{AF5E9514-84EE-4BFC-842C-3A59D9141A01}.AppStore|iPhone.Build.0 = Release|x86
		{AF5E9514-84EE-4BFC-842C-3A59D9141A01}.AppStore|iPhone.Deploy.0 = Release|x86
		{AF5E9514-84EE-4BFC-842C-3A59D9141A01}.AppStore|iPhoneSimulator.ActiveCfg = Release|x86
		{AF5E9514-84EE-4BFC-842C-3A59D9141A01}.AppStore|iPhoneSimulator.Build.0 = Release|x86
		{AF5E9514-84EE-4BFC-842C-3A59D9141A01}.AppStore|iPhoneSimulator.Deploy.0 = Release|x86
		{AF5E9514-84EE-4BFC-842C-3A59D9141A01}.AppStore|x64.ActiveCfg = Release|x64
		{AF5E9514-84EE-4BFC-842C-3A59D9141A01}.AppStore|x64.Build.0 = Release|x64
		{AF5E9514-84EE-4BFC-842C-3A59D9141A01}.AppStore|x64.Deploy.0 = Release|x64
		{AF5E9514-84EE-4BFC-842C-3A59D9141A01}.AppStore|x86.ActiveCfg = Release|x86
		{AF5E9514-84EE-4BFC-842C-3A59D9141A01}.AppStore|x86.Build.0 = Release|x86
		{AF5E9514-84EE-4BFC-842C-3A59D9141A01}.AppStore|x86.Deploy.0 = Release|x86
		{AF5E9514-84EE-4BFC-842C-3A59D9141A01}.Debug|Any CPU.ActiveCfg = Debug|x86
		{AF5E9514-84EE-4BFC-842C-3A59D9141A01}.Debug|Any CPU.Build.0 = Debug|x86
		{AF5E9514-84EE-4BFC-842C-3A59D9141A01}.Debug|Any CPU.Deploy.0 = Debug|x86
		{AF5E9514-84EE-4BFC-842C-3A59D9141A01}.Debug|ARM.ActiveCfg = Debug|ARM
		{AF5E9514-84EE-4BFC-842C-3A59D9141A01}.Debug|ARM.Build.0 = Debug|ARM
		{AF5E9514-84EE-4BFC-842C-3A59D9141A01}.Debug|ARM.Deploy.0 = Debug|ARM
		{AF5E9514-84EE-4BFC-842C-3A59D9141A01}.Debug|iPhone.ActiveCfg = Debug|x86
		{AF5E9514-84EE-4BFC-842C-3A59D9141A01}.Debug|iPhone.Build.0 = Debug|x86
		{AF5E9514-84EE-4BFC-842C-3A59D9141A01}.Debug|iPhone.Deploy.0 = Debug|x86
		{AF5E9514-84EE-4BFC-842C-3A59D9141A01}.Debug|iPhoneSimulator.ActiveCfg = Debug|x86
		{AF5E9514-84EE-4BFC-842C-3A59D9141A01}.Debug|iPhoneSimulator.Build.0 = Debug|x86
		{AF5E9514-84EE-4BFC-842C-3A59D9141A01}.Debug|iPhoneSimulator.Deploy.0 = Debug|x86
		{AF5E9514-84EE-4BFC-842C-3A59D9141A01}.Debug|x64.ActiveCfg = Debug|x64
		{AF5E9514-84EE-4BFC-842C-3A59D9141A01}.Debug|x64.Build.0 = Debug|x64
		{AF5E9514-84EE-4BFC-842C-3A59D9141A01}.Debug|x64.Deploy.0 = Debug|x64
		{AF5E9514-84EE-4BFC-842C-3A59D9141A01}.Debug|x86.ActiveCfg = Debug|x86
		{AF5E9514-84EE-4BFC-842C-3A59D9141A01}.Debug|x86.Build.0 = Debug|x86
		{AF5E9514-84EE-4BFC-842C-3A59D9141A01}.Debug|x86.Deploy.0 = Debug|x86
		{AF5E9514-84EE-4BFC-842C-3A59D9141A01}.Release|Any CPU.ActiveCfg = Release|x86
		{AF5E9514-84EE-4BFC-842C-3A59D9141A01}.Release|Any CPU.Build.0 = Release|x86
		{AF5E9514-84EE-4BFC-842C-3A59D9141A01}.Release|Any CPU.Deploy.0 = Release|x86
		{AF5E9514-84EE-4BFC-842C-3A59D9141A01}.Release|ARM.ActiveCfg = Release|ARM
		{AF5E9514-84EE-4BFC-842C-3A59D9141A01}.Release|ARM.Build.0 = Release|ARM
		{AF5E9514-84EE-4BFC-842C-3A59D9141A01}.Release|ARM.Deploy.0 = Release|ARM
		{AF5E9514-84EE-4BFC-842C-3A59D9141A01}.Release|iPhone.ActiveCfg = Release|x86
		{AF5E9514-84EE-4BFC-842C-3A59D9141A01}.Release|iPhone.Build.0 = Release|x86
		{AF5E9514-84EE-4BFC-842C-3A59D9141A01}.Release|iPhone.Deploy.0 = Release|x86
		{AF5E9514-84EE-4BFC-842C-3A59D9141A01}.Release|iPhoneSimulator.ActiveCfg = Release|x86
		{AF5E9514-84EE-4BFC-842C-3A59D9141A01}.Release|iPhoneSimulator.Build.0 = Release|x86
		{AF5E9514-84EE-4BFC-842C-3A59D9141A01}.Release|iPhoneSimulator.Deploy.0 = Release|x86
		{AF5E9514-84EE-4BFC-842C-3A59D9141A01}.Release|x64.ActiveCfg = Release|x64
		{AF5E9514-84EE-4BFC-842C-3A59D9141A01}.Release|x64.Build.0 = Release|x64
		{AF5E9514-84EE-4BFC-842C-3A59D9141A01}.Release|x64.Deploy.0 = Release|x64
		{AF5E9514-84EE-4BFC-842C-3A59D9141A01}.Release|x86.ActiveCfg = Release|x86
		{AF5E9514-84EE-4BFC-842C-3A59D9141A01}.Release|x86.Build.0 = Release|x86
		{AF5E9514-84EE-4BFC-842C-3A59D9141A01}.Release|x86.Deploy.0 = Release|x86
		{FD265BCA-D84A-4303-9080-2264C9B79C2A}.Ad-Hoc|Any CPU.ActiveCfg = Debug|Any CPU
		{FD265BCA-D84A-4303-9080-2264C9B79C2A}.Ad-Hoc|Any CPU.Build.0 = Debug|Any CPU
		{FD265BCA-D84A-4303-9080-2264C9B79C2A}.Ad-Hoc|Any CPU.Deploy.0 = Debug|Any CPU
		{FD265BCA-D84A-4303-9080-2264C9B79C2A}.Ad-Hoc|ARM.ActiveCfg = Debug|Any CPU
		{FD265BCA-D84A-4303-9080-2264C9B79C2A}.Ad-Hoc|ARM.Build.0 = Debug|Any CPU
		{FD265BCA-D84A-4303-9080-2264C9B79C2A}.Ad-Hoc|ARM.Deploy.0 = Debug|Any CPU
		{FD265BCA-D84A-4303-9080-2264C9B79C2A}.Ad-Hoc|iPhone.ActiveCfg = Debug|Any CPU
		{FD265BCA-D84A-4303-9080-2264C9B79C2A}.Ad-Hoc|iPhone.Build.0 = Debug|Any CPU
		{FD265BCA-D84A-4303-9080-2264C9B79C2A}.Ad-Hoc|iPhone.Deploy.0 = Debug|Any CPU
		{FD265BCA-D84A-4303-9080-2264C9B79C2A}.Ad-Hoc|iPhoneSimulator.ActiveCfg = Debug|Any CPU
		{FD265BCA-D84A-4303-9080-2264C9B79C2A}.Ad-Hoc|iPhoneSimulator.Build.0 = Debug|Any CPU
		{FD265BCA-D84A-4303-9080-2264C9B79C2A}.Ad-Hoc|iPhoneSimulator.Deploy.0 = Debug|Any CPU
		{FD265BCA-D84A-4303-9080-2264C9B79C2A}.Ad-Hoc|x64.ActiveCfg = Debug|Any CPU
		{FD265BCA-D84A-4303-9080-2264C9B79C2A}.Ad-Hoc|x64.Build.0 = Debug|Any CPU
		{FD265BCA-D84A-4303-9080-2264C9B79C2A}.Ad-Hoc|x64.Deploy.0 = Debug|Any CPU
		{FD265BCA-D84A-4303-9080-2264C9B79C2A}.Ad-Hoc|x86.ActiveCfg = Debug|Any CPU
		{FD265BCA-D84A-4303-9080-2264C9B79C2A}.Ad-Hoc|x86.Build.0 = Debug|Any CPU
		{FD265BCA-D84A-4303-9080-2264C9B79C2A}.Ad-Hoc|x86.Deploy.0 = Debug|Any CPU
		{FD265BCA-D84A-4303-9080-2264C9B79C2A}.AppStore|Any CPU.ActiveCfg = Debug|Any CPU
		{FD265BCA-D84A-4303-9080-2264C9B79C2A}.AppStore|Any CPU.Build.0 = Debug|Any CPU
		{FD265BCA-D84A-4303-9080-2264C9B79C2A}.AppStore|Any CPU.Deploy.0 = Debug|Any CPU
		{FD265BCA-D84A-4303-9080-2264C9B79C2A}.AppStore|ARM.ActiveCfg = Debug|Any CPU
		{FD265BCA-D84A-4303-9080-2264C9B79C2A}.AppStore|ARM.Build.0 = Debug|Any CPU
		{FD265BCA-D84A-4303-9080-2264C9B79C2A}.AppStore|ARM.Deploy.0 = Debug|Any CPU
		{FD265BCA-D84A-4303-9080-2264C9B79C2A}.AppStore|iPhone.ActiveCfg = Debug|Any CPU
		{FD265BCA-D84A-4303-9080-2264C9B79C2A}.AppStore|iPhone.Build.0 = Debug|Any CPU
		{FD265BCA-D84A-4303-9080-2264C9B79C2A}.AppStore|iPhone.Deploy.0 = Debug|Any CPU
		{FD265BCA-D84A-4303-9080-2264C9B79C2A}.AppStore|iPhoneSimulator.ActiveCfg = Debug|Any CPU
		{FD265BCA-D84A-4303-9080-2264C9B79C2A}.AppStore|iPhoneSimulator.Build.0 = Debug|Any CPU
		{FD265BCA-D84A-4303-9080-2264C9B79C2A}.AppStore|iPhoneSimulator.Deploy.0 = Debug|Any CPU
		{FD265BCA-D84A-4303-9080-2264C9B79C2A}.AppStore|x64.ActiveCfg = Debug|Any CPU
		{FD265BCA-D84A-4303-9080-2264C9B79C2A}.AppStore|x64.Build.0 = Debug|Any CPU
		{FD265BCA-D84A-4303-9080-2264C9B79C2A}.AppStore|x64.Deploy.0 = Debug|Any CPU
		{FD265BCA-D84A-4303-9080-2264C9B79C2A}.AppStore|x86.ActiveCfg = Debug|Any CPU
		{FD265BCA-D84A-4303-9080-2264C9B79C2A}.AppStore|x86.Build.0 = Debug|Any CPU
		{FD265BCA-D84A-4303-9080-2264C9B79C2A}.AppStore|x86.Deploy.0 = Debug|Any CPU
		{FD265BCA-D84A-4303-9080-2264C9B79C2A}.Debug|Any CPU.ActiveCfg = Debug|Any CPU
		{FD265BCA-D84A-4303-9080-2264C9B79C2A}.Debug|Any CPU.Build.0 = Debug|Any CPU
		{FD265BCA-D84A-4303-9080-2264C9B79C2A}.Debug|Any CPU.Deploy.0 = Debug|Any CPU
		{FD265BCA-D84A-4303-9080-2264C9B79C2A}.Debug|ARM.ActiveCfg = Debug|Any CPU
		{FD265BCA-D84A-4303-9080-2264C9B79C2A}.Debug|ARM.Build.0 = Debug|Any CPU
		{FD265BCA-D84A-4303-9080-2264C9B79C2A}.Debug|ARM.Deploy.0 = Debug|Any CPU
		{FD265BCA-D84A-4303-9080-2264C9B79C2A}.Debug|iPhone.ActiveCfg = Debug|Any CPU
		{FD265BCA-D84A-4303-9080-2264C9B79C2A}.Debug|iPhone.Build.0 = Debug|Any CPU
		{FD265BCA-D84A-4303-9080-2264C9B79C2A}.Debug|iPhone.Deploy.0 = Debug|Any CPU
		{FD265BCA-D84A-4303-9080-2264C9B79C2A}.Debug|iPhoneSimulator.ActiveCfg = Debug|Any CPU
		{FD265BCA-D84A-4303-9080-2264C9B79C2A}.Debug|iPhoneSimulator.Build.0 = Debug|Any CPU
		{FD265BCA-D84A-4303-9080-2264C9B79C2A}.Debug|iPhoneSimulator.Deploy.0 = Debug|Any CPU
		{FD265BCA-D84A-4303-9080-2264C9B79C2A}.Debug|x64.ActiveCfg = Debug|Any CPU
		{FD265BCA-D84A-4303-9080-2264C9B79C2A}.Debug|x64.Build.0 = Debug|Any CPU
		{FD265BCA-D84A-4303-9080-2264C9B79C2A}.Debug|x64.Deploy.0 = Debug|Any CPU
		{FD265BCA-D84A-4303-9080-2264C9B79C2A}.Debug|x86.ActiveCfg = Debug|Any CPU
		{FD265BCA-D84A-4303-9080-2264C9B79C2A}.Debug|x86.Build.0 = Debug|Any CPU
		{FD265BCA-D84A-4303-9080-2264C9B79C2A}.Debug|x86.Deploy.0 = Debug|Any CPU
		{FD265BCA-D84A-4303-9080-2264C9B79C2A}.Release|Any CPU.ActiveCfg = Release|Any CPU
		{FD265BCA-D84A-4303-9080-2264C9B79C2A}.Release|Any CPU.Build.0 = Release|Any CPU
		{FD265BCA-D84A-4303-9080-2264C9B79C2A}.Release|Any CPU.Deploy.0 = Release|Any CPU
		{FD265BCA-D84A-4303-9080-2264C9B79C2A}.Release|ARM.ActiveCfg = Release|Any CPU
		{FD265BCA-D84A-4303-9080-2264C9B79C2A}.Release|ARM.Build.0 = Release|Any CPU
		{FD265BCA-D84A-4303-9080-2264C9B79C2A}.Release|ARM.Deploy.0 = Release|Any CPU
		{FD265BCA-D84A-4303-9080-2264C9B79C2A}.Release|iPhone.ActiveCfg = Release|Any CPU
		{FD265BCA-D84A-4303-9080-2264C9B79C2A}.Release|iPhone.Build.0 = Release|Any CPU
		{FD265BCA-D84A-4303-9080-2264C9B79C2A}.Release|iPhone.Deploy.0 = Release|Any CPU
		{FD265BCA-D84A-4303-9080-2264C9B79C2A}.Release|iPhoneSimulator.ActiveCfg = Release|Any CPU
		{FD265BCA-D84A-4303-9080-2264C9B79C2A}.Release|iPhoneSimulator.Build.0 = Release|Any CPU
		{FD265BCA-D84A-4303-9080-2264C9B79C2A}.Release|iPhoneSimulator.Deploy.0 = Release|Any CPU
		{FD265BCA-D84A-4303-9080-2264C9B79C2A}.Release|x64.ActiveCfg = Release|Any CPU
		{FD265BCA-D84A-4303-9080-2264C9B79C2A}.Release|x64.Build.0 = Release|Any CPU
		{FD265BCA-D84A-4303-9080-2264C9B79C2A}.Release|x64.Deploy.0 = Release|Any CPU
		{FD265BCA-D84A-4303-9080-2264C9B79C2A}.Release|x86.ActiveCfg = Release|Any CPU
		{FD265BCA-D84A-4303-9080-2264C9B79C2A}.Release|x86.Build.0 = Release|Any CPU
		{FD265BCA-D84A-4303-9080-2264C9B79C2A}.Release|x86.Deploy.0 = Release|Any CPU
	EndGlobalSection
	GlobalSection(SolutionProperties) = preSolution
		HideSolutionNode = FALSE
	EndGlobalSection
	GlobalSection(ExtensibilityGlobals) = postSolution
		SolutionGuid = {9044303A-DC31-4A6A-8614-08F5050E3766}
	EndGlobalSection
EndGlobal
